
Microsoft Visual Studio Solution File, Format Version 12.00
# Visual Studio Version 17
VisualStudioVersion = 17.6.33829.357
MinimumVisualStudioVersion = 10.0.40219.1
Project("{FAE04EC0-301F-11D3-BF4B-00C04F79EFBC}") = "UtileriasComunes", "UtileriasComunes\UtileriasComunes.csproj", "{E598DA37-3B69-409B-ABBF-70B604B2D86F}"
EndProject
Project("{FAE04EC0-301F-11D3-BF4B-00C04F79EFBC}") = "PruebasUnitarias", "PruebasUnitarias\PruebasUnitarias.csproj", "{8A2A9D9C-3405-486D-BF77-E7437CF99866}"
EndProject
Project("{FAE04EC0-301F-11D3-BF4B-00C04F79EFBC}") = "WA_Entidades", "WA_Entidades\WA_Entidades.csproj", "{1B7B5FFE-E828-4089-B636-B5B8DDABA5E7}"
EndProject
Project("{FAE04EC0-301F-11D3-BF4B-00C04F79EFBC}") = "WA_RN", "WA_RN\WA_RN.csproj", "{1DB438FD-AA4A-4BDC-A3D5-9CE1547379A2}"
EndProject
Project("{FAE04EC0-301F-11D3-BF4B-00C04F79EFBC}") = "WA_Formas", "WA_Formas\WA_Formas.csproj", "{692E8A0B-7631-4819-BCB3-560B8E0A3D1C}"
EndProject
Project("{FAE04EC0-301F-11D3-BF4B-00C04F79EFBC}") = "UtileriasBaseDatos", "WA_BaseDatos\UtileriasBaseDatos.csproj", "{503CB360-495C-47B2-A00D-8617A9DD1ABD}"
EndProject
Global
	GlobalSection(SolutionConfigurationPlatforms) = preSolution
		Debug|Any CPU = Debug|Any CPU
		Release|Any CPU = Release|Any CPU
	EndGlobalSection
	GlobalSection(ProjectConfigurationPlatforms) = postSolution
		{E598DA37-3B69-409B-ABBF-70B604B2D86F}.Debug|Any CPU.ActiveCfg = Debug|Any CPU
		{E598DA37-3B69-409B-ABBF-70B604B2D86F}.Debug|Any CPU.Build.0 = Debug|Any CPU
		{E598DA37-3B69-409B-ABBF-70B604B2D86F}.Release|Any CPU.ActiveCfg = Release|Any CPU
		{E598DA37-3B69-409B-ABBF-70B604B2D86F}.Release|Any CPU.Build.0 = Release|Any CPU
		{8A2A9D9C-3405-486D-BF77-E7437CF99866}.Debug|Any CPU.ActiveCfg = Debug|Any CPU
		{8A2A9D9C-3405-486D-BF77-E7437CF99866}.Debug|Any CPU.Build.0 = Debug|Any CPU
		{8A2A9D9C-3405-486D-BF77-E7437CF99866}.Release|Any CPU.ActiveCfg = Release|Any CPU
		{8A2A9D9C-3405-486D-BF77-E7437CF99866}.Release|Any CPU.Build.0 = Release|Any CPU
		{1B7B5FFE-E828-4089-B636-B5B8DDABA5E7}.Debug|Any CPU.ActiveCfg = Debug|Any CPU
		{1B7B5FFE-E828-4089-B636-B5B8DDABA5E7}.Debug|Any CPU.Build.0 = Debug|Any CPU
		{1B7B5FFE-E828-4089-B636-B5B8DDABA5E7}.Release|Any CPU.ActiveCfg = Release|Any CPU
		{1B7B5FFE-E828-4089-B636-B5B8DDABA5E7}.Release|Any CPU.Build.0 = Release|Any CPU
		{1DB438FD-AA4A-4BDC-A3D5-9CE1547379A2}.Debug|Any CPU.ActiveCfg = Debug|Any CPU
		{1DB438FD-AA4A-4BDC-A3D5-9CE1547379A2}.Debug|Any CPU.Build.0 = Debug|Any CPU
		{1DB438FD-AA4A-4BDC-A3D5-9CE1547379A2}.Release|Any CPU.ActiveCfg = Release|Any CPU
		{1DB438FD-AA4A-4BDC-A3D5-9CE1547379A2}.Release|Any CPU.Build.0 = Release|Any CPU
		{692E8A0B-7631-4819-BCB3-560B8E0A3D1C}.Debug|Any CPU.ActiveCfg = Debug|Any CPU
		{692E8A0B-7631-4819-BCB3-560B8E0A3D1C}.Debug|Any CPU.Build.0 = Debug|Any CPU
		{692E8A0B-7631-4819-BCB3-560B8E0A3D1C}.Release|Any CPU.ActiveCfg = Release|Any CPU
		{692E8A0B-7631-4819-BCB3-560B8E0A3D1C}.Release|Any CPU.Build.0 = Release|Any CPU
		{503CB360-495C-47B2-A00D-8617A9DD1ABD}.Debug|Any CPU.ActiveCfg = Debug|Any CPU
		{503CB360-495C-47B2-A00D-8617A9DD1ABD}.Debug|Any CPU.Build.0 = Debug|Any CPU
		{503CB360-495C-47B2-A00D-8617A9DD1ABD}.Release|Any CPU.ActiveCfg = Release|Any CPU
		{503CB360-495C-47B2-A00D-8617A9DD1ABD}.Release|Any CPU.Build.0 = Release|Any CPU
	EndGlobalSection
	GlobalSection(SolutionProperties) = preSolution
		HideSolutionNode = FALSE
	EndGlobalSection
	GlobalSection(ExtensibilityGlobals) = postSolution
		SolutionGuid = {4B453E44-3F09-4D77-BE58-3232F6B227D0}
	EndGlobalSection
EndGlobal
