
Microsoft Visual Studio Solution File, Format Version 12.00
# Visual Studio Version 17
VisualStudioVersion = 17.14.36705.20
MinimumVisualStudioVersion = 10.0.40219.1
Project("{FAE04EC0-301F-11D3-BF4B-00C04F79EFBC}") = "conectRabbitMQ", "conectRabbitMQ\conectRabbitMQ.csproj", "{8D217629-B680-4E6D-B0CE-F95969ED99F8}"
EndProject
Global
	GlobalSection(SolutionConfigurationPlatforms) = preSolution
		Debug|Any CPU = Debug|Any CPU
		Release|Any CPU = Release|Any CPU
	EndGlobalSection
	GlobalSection(ProjectConfigurationPlatforms) = postSolution
		{8D217629-B680-4E6D-B0CE-F95969ED99F8}.Debug|Any CPU.ActiveCfg = Debug|Any CPU
		{8D217629-B680-4E6D-B0CE-F95969ED99F8}.Debug|Any CPU.Build.0 = Debug|Any CPU
		{8D217629-B680-4E6D-B0CE-F95969ED99F8}.Release|Any CPU.ActiveCfg = Release|Any CPU
		{8D217629-B680-4E6D-B0CE-F95969ED99F8}.Release|Any CPU.Build.0 = Release|Any CPU
	EndGlobalSection
	GlobalSection(SolutionProperties) = preSolution
		HideSolutionNode = FALSE
	EndGlobalSection
	GlobalSection(ExtensibilityGlobals) = postSolution
		SolutionGuid = {41904A2E-A361-44B7-975A-973A06D4F393}
	EndGlobalSection
EndGlobal
