
Microsoft Visual Studio Solution File, Format Version 12.00
# Visual Studio 2012
Project("{FAE04EC0-301F-11D3-BF4B-00C04F79EFBC}") = "SAT.CreditosFiscales.Motor.Esquemas", "..\..\Comunes\SAT.CreditosFiscales.Motor.Esquemas\SAT.CreditosFiscales.Motor.Esquemas.btproj", "{98081F58-B03E-4102-9E98-AA2783F8AE8C}"
EndProject
Global
	GlobalSection(TeamFoundationVersionControl) = preSolution
		SccNumberOfProjects = 2
		SccEnterpriseProvider = {4CA58AB2-18FA-4F8D-95D4-32DDF27D184C}
		SccTeamFoundationServer = http://99.90.52.210:8080/tfs/sat
		SccLocalPath0 = .
		SccProjectUniqueName1 = ..\\..\\Comunes\\SAT.CreditosFiscales.Motor.Esquemas\\SAT.CreditosFiscales.Motor.Esquemas.btproj
		SccProjectName1 = ../../Comunes/SAT.CreditosFiscales.Motor.Esquemas
		SccLocalPath1 = ..\\..\\Comunes\\SAT.CreditosFiscales.Motor.Esquemas
	EndGlobalSection
	GlobalSection(SolutionConfigurationPlatforms) = preSolution
		Debug|Any CPU = Debug|Any CPU
		Release|Any CPU = Release|Any CPU
	EndGlobalSection
	GlobalSection(ProjectConfigurationPlatforms) = postSolution
		{98081F58-B03E-4102-9E98-AA2783F8AE8C}.Debug|Any CPU.ActiveCfg = Debug|Any CPU
		{98081F58-B03E-4102-9E98-AA2783F8AE8C}.Debug|Any CPU.Build.0 = Debug|Any CPU
		{98081F58-B03E-4102-9E98-AA2783F8AE8C}.Debug|Any CPU.Deploy.0 = Debug|Any CPU
		{98081F58-B03E-4102-9E98-AA2783F8AE8C}.Release|Any CPU.ActiveCfg = Release|Any CPU
		{98081F58-B03E-4102-9E98-AA2783F8AE8C}.Release|Any CPU.Build.0 = Release|Any CPU
		{98081F58-B03E-4102-9E98-AA2783F8AE8C}.Release|Any CPU.Deploy.0 = Release|Any CPU
	EndGlobalSection
	GlobalSection(SolutionProperties) = preSolution
		HideSolutionNode = FALSE
	EndGlobalSection
EndGlobal
