
Microsoft Visual Studio Solution File, Format Version 12.00
# Visual Studio 15
VisualStudioVersion = 15.0.28307.902
MinimumVisualStudioVersion = 10.0.40219.1
Project("{FAE04EC0-301F-11D3-BF4B-00C04F79EFBC}") = "LanzadorServicios", "LanzadorServicios\LanzadorServicios.csproj", "{CFF0A6AE-D400-4697-A770-8D3F5C2A9A36}"
EndProject
Project("{2150E333-8FDC-42A3-9474-1A3956D46DE8}") = "Servicios", "Servicios", "{41080229-ED71-47AE-8BA8-611670F2A502}"
EndProject
Project("{2150E333-8FDC-42A3-9474-1A3956D46DE8}") = "Setups", "Setups", "{0070287D-480A-4F65-ACC5-28EC01473A80}"
EndProject
Project("{FAE04EC0-301F-11D3-BF4B-00C04F79EFBC}") = "ServicioRecepcion", "ServicioRecepcion\ServicioRecepcion.csproj", "{3C1159DC-73E3-4AA2-8B4E-70D76CC8E409}"
EndProject
Project("{FAE04EC0-301F-11D3-BF4B-00C04F79EFBC}") = "ServicioRespuesta", "ServicioRespuesta\ServicioRespuesta.csproj", "{EEE38AE7-DCAB-41B2-83EC-62F224465C85}"
EndProject
Project("{2150E333-8FDC-42A3-9474-1A3956D46DE8}") = "Utylerias", "Utylerias", "{D050340C-B4D6-405E-BC4E-0AE2BB8C5AD2}"
EndProject
Project("{FAE04EC0-301F-11D3-BF4B-00C04F79EFBC}") = "RecepcionBD", "RecepcionBD\RecepcionBD.csproj", "{BFDA9E66-DC68-4A6A-9C8C-448945D5280C}"
EndProject
Project("{FAE04EC0-301F-11D3-BF4B-00C04F79EFBC}") = "RecepcionEnt", "RecepcionEnt\RecepcionEnt.csproj", "{0D4AE383-E2C1-4BFC-811A-8686145F60C8}"
EndProject
Project("{FAE04EC0-301F-11D3-BF4B-00C04F79EFBC}") = "RespuestaBD", "RespuestaBD\RespuestaBD.csproj", "{83A46B0D-3AAA-41D1-B629-B00D35ECD38D}"
EndProject
Project("{FAE04EC0-301F-11D3-BF4B-00C04F79EFBC}") = "RespuestaEnt", "RespuestaEnt\RespuestaEnt.csproj", "{4D00BB26-4FAC-4EDE-A13B-55766BE66A32}"
EndProject
Project("{FAE04EC0-301F-11D3-BF4B-00C04F79EFBC}") = "ControlMensajes", "ControlMensajes\ControlMensajes.csproj", "{1C159374-9249-4AEE-91F8-F9C52AEFE1F9}"
EndProject
Project("{FAE04EC0-301F-11D3-BF4B-00C04F79EFBC}") = "RecepcionRN", "RecepcionRN\RecepcionRN.csproj", "{DFA9B89F-B248-43F7-9801-859683FC5FFC}"
EndProject
Global
	GlobalSection(SolutionConfigurationPlatforms) = preSolution
		Debug|Any CPU = Debug|Any CPU
		Release|Any CPU = Release|Any CPU
	EndGlobalSection
	GlobalSection(ProjectConfigurationPlatforms) = postSolution
		{CFF0A6AE-D400-4697-A770-8D3F5C2A9A36}.Debug|Any CPU.ActiveCfg = Debug|Any CPU
		{CFF0A6AE-D400-4697-A770-8D3F5C2A9A36}.Debug|Any CPU.Build.0 = Debug|Any CPU
		{CFF0A6AE-D400-4697-A770-8D3F5C2A9A36}.Release|Any CPU.ActiveCfg = Release|Any CPU
		{CFF0A6AE-D400-4697-A770-8D3F5C2A9A36}.Release|Any CPU.Build.0 = Release|Any CPU
		{3C1159DC-73E3-4AA2-8B4E-70D76CC8E409}.Debug|Any CPU.ActiveCfg = Debug|Any CPU
		{3C1159DC-73E3-4AA2-8B4E-70D76CC8E409}.Debug|Any CPU.Build.0 = Debug|Any CPU
		{3C1159DC-73E3-4AA2-8B4E-70D76CC8E409}.Release|Any CPU.ActiveCfg = Release|Any CPU
		{3C1159DC-73E3-4AA2-8B4E-70D76CC8E409}.Release|Any CPU.Build.0 = Release|Any CPU
		{EEE38AE7-DCAB-41B2-83EC-62F224465C85}.Debug|Any CPU.ActiveCfg = Debug|Any CPU
		{EEE38AE7-DCAB-41B2-83EC-62F224465C85}.Debug|Any CPU.Build.0 = Debug|Any CPU
		{EEE38AE7-DCAB-41B2-83EC-62F224465C85}.Release|Any CPU.ActiveCfg = Release|Any CPU
		{EEE38AE7-DCAB-41B2-83EC-62F224465C85}.Release|Any CPU.Build.0 = Release|Any CPU
		{BFDA9E66-DC68-4A6A-9C8C-448945D5280C}.Debug|Any CPU.ActiveCfg = Debug|Any CPU
		{BFDA9E66-DC68-4A6A-9C8C-448945D5280C}.Debug|Any CPU.Build.0 = Debug|Any CPU
		{BFDA9E66-DC68-4A6A-9C8C-448945D5280C}.Release|Any CPU.ActiveCfg = Release|Any CPU
		{BFDA9E66-DC68-4A6A-9C8C-448945D5280C}.Release|Any CPU.Build.0 = Release|Any CPU
		{0D4AE383-E2C1-4BFC-811A-8686145F60C8}.Debug|Any CPU.ActiveCfg = Debug|Any CPU
		{0D4AE383-E2C1-4BFC-811A-8686145F60C8}.Debug|Any CPU.Build.0 = Debug|Any CPU
		{0D4AE383-E2C1-4BFC-811A-8686145F60C8}.Release|Any CPU.ActiveCfg = Release|Any CPU
		{0D4AE383-E2C1-4BFC-811A-8686145F60C8}.Release|Any CPU.Build.0 = Release|Any CPU
		{83A46B0D-3AAA-41D1-B629-B00D35ECD38D}.Debug|Any CPU.ActiveCfg = Debug|Any CPU
		{83A46B0D-3AAA-41D1-B629-B00D35ECD38D}.Debug|Any CPU.Build.0 = Debug|Any CPU
		{83A46B0D-3AAA-41D1-B629-B00D35ECD38D}.Release|Any CPU.ActiveCfg = Release|Any CPU
		{83A46B0D-3AAA-41D1-B629-B00D35ECD38D}.Release|Any CPU.Build.0 = Release|Any CPU
		{4D00BB26-4FAC-4EDE-A13B-55766BE66A32}.Debug|Any CPU.ActiveCfg = Debug|Any CPU
		{4D00BB26-4FAC-4EDE-A13B-55766BE66A32}.Debug|Any CPU.Build.0 = Debug|Any CPU
		{4D00BB26-4FAC-4EDE-A13B-55766BE66A32}.Release|Any CPU.ActiveCfg = Release|Any CPU
		{4D00BB26-4FAC-4EDE-A13B-55766BE66A32}.Release|Any CPU.Build.0 = Release|Any CPU
		{1C159374-9249-4AEE-91F8-F9C52AEFE1F9}.Debug|Any CPU.ActiveCfg = Debug|Any CPU
		{1C159374-9249-4AEE-91F8-F9C52AEFE1F9}.Debug|Any CPU.Build.0 = Debug|Any CPU
		{1C159374-9249-4AEE-91F8-F9C52AEFE1F9}.Release|Any CPU.ActiveCfg = Release|Any CPU
		{1C159374-9249-4AEE-91F8-F9C52AEFE1F9}.Release|Any CPU.Build.0 = Release|Any CPU
		{DFA9B89F-B248-43F7-9801-859683FC5FFC}.Debug|Any CPU.ActiveCfg = Debug|Any CPU
		{DFA9B89F-B248-43F7-9801-859683FC5FFC}.Debug|Any CPU.Build.0 = Debug|Any CPU
		{DFA9B89F-B248-43F7-9801-859683FC5FFC}.Release|Any CPU.ActiveCfg = Release|Any CPU
		{DFA9B89F-B248-43F7-9801-859683FC5FFC}.Release|Any CPU.Build.0 = Release|Any CPU
	EndGlobalSection
	GlobalSection(SolutionProperties) = preSolution
		HideSolutionNode = FALSE
	EndGlobalSection
	GlobalSection(NestedProjects) = preSolution
		{3C1159DC-73E3-4AA2-8B4E-70D76CC8E409} = {41080229-ED71-47AE-8BA8-611670F2A502}
		{EEE38AE7-DCAB-41B2-83EC-62F224465C85} = {41080229-ED71-47AE-8BA8-611670F2A502}
		{BFDA9E66-DC68-4A6A-9C8C-448945D5280C} = {D050340C-B4D6-405E-BC4E-0AE2BB8C5AD2}
		{0D4AE383-E2C1-4BFC-811A-8686145F60C8} = {D050340C-B4D6-405E-BC4E-0AE2BB8C5AD2}
		{83A46B0D-3AAA-41D1-B629-B00D35ECD38D} = {D050340C-B4D6-405E-BC4E-0AE2BB8C5AD2}
		{4D00BB26-4FAC-4EDE-A13B-55766BE66A32} = {D050340C-B4D6-405E-BC4E-0AE2BB8C5AD2}
		{1C159374-9249-4AEE-91F8-F9C52AEFE1F9} = {D050340C-B4D6-405E-BC4E-0AE2BB8C5AD2}
		{DFA9B89F-B248-43F7-9801-859683FC5FFC} = {D050340C-B4D6-405E-BC4E-0AE2BB8C5AD2}
	EndGlobalSection
	GlobalSection(ExtensibilityGlobals) = postSolution
		SolutionGuid = {7B4BE555-9DE5-4D05-BF36-4CE27F7BF578}
	EndGlobalSection
EndGlobal
