
Microsoft Visual Studio Solution File, Format Version 12.00
# Visual Studio Version 16
VisualStudioVersion = 16.0.34601.136
MinimumVisualStudioVersion = 10.0.40219.1
Project("{FAE04EC0-301F-11D3-BF4B-00C04F79EFBC}") = "SAT.CreditosFiscales.Motor.Servicios", "SAT.CreditosFiscales.Motor.Servicios.csproj", "{2D539E1C-9D97-4F31-89FA-8568C26E4D96}"
EndProject
Global
	GlobalSection(SolutionConfigurationPlatforms) = preSolution
		Debug|Any CPU = Debug|Any CPU
		Release|Any CPU = Release|Any CPU
	EndGlobalSection
	GlobalSection(ProjectConfigurationPlatforms) = postSolution
		{2D539E1C-9D97-4F31-89FA-8568C26E4D96}.Debug|Any CPU.ActiveCfg = Debug|Any CPU
		{2D539E1C-9D97-4F31-89FA-8568C26E4D96}.Debug|Any CPU.Build.0 = Debug|Any CPU
		{2D539E1C-9D97-4F31-89FA-8568C26E4D96}.Release|Any CPU.ActiveCfg = Release|Any CPU
		{2D539E1C-9D97-4F31-89FA-8568C26E4D96}.Release|Any CPU.Build.0 = Release|Any CPU
	EndGlobalSection
	GlobalSection(SolutionProperties) = preSolution
		HideSolutionNode = FALSE
	EndGlobalSection
	GlobalSection(ExtensibilityGlobals) = postSolution
		SolutionGuid = {E111EA14-B090-4032-BCCD-11E3A0E9D306}
	EndGlobalSection
EndGlobal
